
Microsoft Visual Studio Solution File, Format Version 12.00
# Visual Studio Version 16
VisualStudioVersion = 16.0.28922.388
MinimumVisualStudioVersion = 10.0.40219.1
Project("{FAE04EC0-301F-11D3-BF4B-00C04F79EFBC}") = "hashCodeBooks", "hashCodeBooks\hashCodeBooks.csproj", "{73E9BD04-4A56-4FF5-922A-14681F322975}"
EndProject
Global
	GlobalSection(SolutionConfigurationPlatforms) = preSolution
		Debug|Any CPU = Debug|Any CPU
		Release|Any CPU = Release|Any CPU
	EndGlobalSection
	GlobalSection(ProjectConfigurationPlatforms) = postSolution
		{73E9BD04-4A56-4FF5-922A-14681F322975}.Debug|Any CPU.ActiveCfg = Debug|Any CPU
		{73E9BD04-4A56-4FF5-922A-14681F322975}.Debug|Any CPU.Build.0 = Debug|Any CPU
		{73E9BD04-4A56-4FF5-922A-14681F322975}.Release|Any CPU.ActiveCfg = Release|Any CPU
		{73E9BD04-4A56-4FF5-922A-14681F322975}.Release|Any CPU.Build.0 = Release|Any CPU
	EndGlobalSection
	GlobalSection(SolutionProperties) = preSolution
		HideSolutionNode = FALSE
	EndGlobalSection
	GlobalSection(ExtensibilityGlobals) = postSolution
		SolutionGuid = {C705EDBC-0780-4298-84C5-7F29EB1FC9AB}
	EndGlobalSection
EndGlobal
